
Microsoft Visual Studio Solution File, Format Version 12.00
# Visual Studio Version 17
VisualStudioVersion = 17.11.35327.3
MinimumVisualStudioVersion = 10.0.40219.1
Project("{9A19103F-16F7-4668-BE54-9A1E7A4F7556}") = "MD4", "MD4\MD4.csproj", "{6B9F2D61-BD6D-425C-A8FF-A9006EC3D51B}"
EndProject
Project("{9A19103F-16F7-4668-BE54-9A1E7A4F7556}") = "MD", "MD\MD.csproj", "{06FDF6C8-5C8C-4187-8005-8BF7899676EE}"
EndProject
Global
	GlobalSection(SolutionConfigurationPlatforms) = preSolution
		Debug|Any CPU = Debug|Any CPU
		Release|Any CPU = Release|Any CPU
	EndGlobalSection
	GlobalSection(ProjectConfigurationPlatforms) = postSolution
		{6B9F2D61-BD6D-425C-A8FF-A9006EC3D51B}.Debug|Any CPU.ActiveCfg = Debug|Any CPU
		{6B9F2D61-BD6D-425C-A8FF-A9006EC3D51B}.Debug|Any CPU.Build.0 = Debug|Any CPU
		{6B9F2D61-BD6D-425C-A8FF-A9006EC3D51B}.Release|Any CPU.ActiveCfg = Release|Any CPU
		{6B9F2D61-BD6D-425C-A8FF-A9006EC3D51B}.Release|Any CPU.Build.0 = Release|Any CPU
		{06FDF6C8-5C8C-4187-8005-8BF7899676EE}.Debug|Any CPU.ActiveCfg = Debug|Any CPU
		{06FDF6C8-5C8C-4187-8005-8BF7899676EE}.Debug|Any CPU.Build.0 = Debug|Any CPU
		{06FDF6C8-5C8C-4187-8005-8BF7899676EE}.Release|Any CPU.ActiveCfg = Release|Any CPU
		{06FDF6C8-5C8C-4187-8005-8BF7899676EE}.Release|Any CPU.Build.0 = Release|Any CPU
	EndGlobalSection
	GlobalSection(SolutionProperties) = preSolution
		HideSolutionNode = FALSE
	EndGlobalSection
	GlobalSection(ExtensibilityGlobals) = postSolution
		SolutionGuid = {DFDEE8AB-6EE7-4459-A5B5-C53705B9AA4A}
	EndGlobalSection
EndGlobal
